
Microsoft Visual Studio Solution File, Format Version 12.00
# Visual Studio Version 17
VisualStudioVersion = 17.10.35027.167
MinimumVisualStudioVersion = 10.0.40219.1
Project("{9A19103F-16F7-4668-BE54-9A1E7A4F7556}") = "Gerenciador.API", "Gerenciador.API\Gerenciador.API.csproj", "{EAFE9BA2-7A6C-4275-8E0F-621A726BB2F8}"
EndProject
Project("{FAE04EC0-301F-11D3-BF4B-00C04F79EFBC}") = "Gerenciador.Communication", "Gerenciador.Communication\Gerenciador.Communication.csproj", "{2CD4B86F-9CEF-4397-A52F-74768A708042}"
EndProject
Project("{FAE04EC0-301F-11D3-BF4B-00C04F79EFBC}") = "Gerenciador.Application", "Gerenciador.Application\Gerenciador.Application.csproj", "{C5B6DE40-3BC2-454C-94D2-1893A152BFCC}"
EndProject
Global
	GlobalSection(SolutionConfigurationPlatforms) = preSolution
		Debug|Any CPU = Debug|Any CPU
		Release|Any CPU = Release|Any CPU
	EndGlobalSection
	GlobalSection(ProjectConfigurationPlatforms) = postSolution
		{EAFE9BA2-7A6C-4275-8E0F-621A726BB2F8}.Debug|Any CPU.ActiveCfg = Debug|Any CPU
		{EAFE9BA2-7A6C-4275-8E0F-621A726BB2F8}.Debug|Any CPU.Build.0 = Debug|Any CPU
		{EAFE9BA2-7A6C-4275-8E0F-621A726BB2F8}.Release|Any CPU.ActiveCfg = Release|Any CPU
		{EAFE9BA2-7A6C-4275-8E0F-621A726BB2F8}.Release|Any CPU.Build.0 = Release|Any CPU
		{2CD4B86F-9CEF-4397-A52F-74768A708042}.Debug|Any CPU.ActiveCfg = Debug|Any CPU
		{2CD4B86F-9CEF-4397-A52F-74768A708042}.Debug|Any CPU.Build.0 = Debug|Any CPU
		{2CD4B86F-9CEF-4397-A52F-74768A708042}.Release|Any CPU.ActiveCfg = Release|Any CPU
		{2CD4B86F-9CEF-4397-A52F-74768A708042}.Release|Any CPU.Build.0 = Release|Any CPU
		{C5B6DE40-3BC2-454C-94D2-1893A152BFCC}.Debug|Any CPU.ActiveCfg = Debug|Any CPU
		{C5B6DE40-3BC2-454C-94D2-1893A152BFCC}.Debug|Any CPU.Build.0 = Debug|Any CPU
		{C5B6DE40-3BC2-454C-94D2-1893A152BFCC}.Release|Any CPU.ActiveCfg = Release|Any CPU
		{C5B6DE40-3BC2-454C-94D2-1893A152BFCC}.Release|Any CPU.Build.0 = Release|Any CPU
	EndGlobalSection
	GlobalSection(SolutionProperties) = preSolution
		HideSolutionNode = FALSE
	EndGlobalSection
	GlobalSection(ExtensibilityGlobals) = postSolution
		SolutionGuid = {AFC9C4FE-FD50-43ED-A264-3A0B947421D4}
	EndGlobalSection
EndGlobal
